PODS:
  - SDWebImage (5.15.2):
    - SDWebImage/Core (= 5.15.2)
  - SDWebImage/Core (5.15.2)

DEPENDENCIES:
  - SDWebImage

SPEC REPOS:
  trunk:
    - SDWebImage

SPEC CHECKSUMS:
  SDWebImage: 8ab87d4b3e5cc4927bd47f78db6ceb0b94442577

PODFILE CHECKSUM: 76935b0c07ed36a7912f0773658efea90eaba8a7

COCOAPODS: 1.11.3
