// !$*UTF8*$!
{
	archiveVersion = 1;
	classes = {
	};
	objectVersion = 55;
	objects = {

/* Begin PBXBuildFile section */
		15CCB06F299A596C00951741 /* AppDelegate.swift in Sources */ = {isa = PBXBuildFile; fileRef = 15CCB06E299A596C00951741 /* AppDelegate.swift */; };
		15CCB071299A596C00951741 /* SceneDelegate.swift in Sources */ = {isa = PBXBuildFile; fileRef = 15CCB070299A596C00951741 /* SceneDelegate.swift */; };
		15CCB073299A596C00951741 /* ViewController.swift in Sources */ = {isa = PBXBuildFile; fileRef = 15CCB072299A596C00951741 /* ViewController.swift */; };
		15CCB076299A596C00951741 /* Main.storyboard in Resources */ = {isa = PBXBuildFile; fileRef = 15CCB074299A596C00951741 /* Main.storyboard */; };
		15CCB078299A596D00951741 /* Assets.xcassets in Resources */ = {isa = PBXBuildFile; fileRef = 15CCB077299A596D00951741 /* Assets.xcassets */; };
		15CCB07B299A596D00951741 /* LaunchScreen.storyboard in Resources */ = {isa = PBXBuildFile; fileRef = 15CCB079299A596D00951741 /* LaunchScreen.storyboard */; };
		15CCB083299A60A600951741 /* myTableViewCell.swift in Sources */ = {isa = PBXBuildFile; fileRef = 15CCB082299A60A600951741 /* myTableViewCell.swift */; };
		15CCB085299A63D500951741 /* DogData.swift in Sources */ = {isa = PBXBuildFile; fileRef = 15CCB084299A63D500951741 /* DogData.swift */; };
		26F90DF0B1830CBB1E00FE25 /* Pods_sdWebImage.framework in Frameworks */ = {isa = PBXBuildFile; fileRef = 7DF1E7C7DF8F4A0956995CE8 /* Pods_sdWebImage.framework */; };
/* End PBXBuildFile section */

/* Begin PBXFileReference section */
		15CCB06B299A596C00951741 /* sdWebImage.app */ = {isa = PBXFileReference; explicitFileType = wrapper.application; includeInIndex = 0; path = sdWebImage.app; sourceTree = BUILT_PRODUCTS_DIR; };
		15CCB06E299A596C00951741 /* AppDelegate.swift */ = {isa = PBXFileReference; lastKnownFileType = sourcecode.swift; path = AppDelegate.swift; sourceTree = "<group>"; };
		15CCB070299A596C00951741 /* SceneDelegate.swift */ = {isa = PBXFileReference; lastKnownFileType = sourcecode.swift; path = SceneDelegate.swift; sourceTree = "<group>"; };
		15CCB072299A596C00951741 /* ViewController.swift */ = {isa = PBXFileReference; lastKnownFileType = sourcecode.swift; path = ViewController.swift; sourceTree = "<group>"; };
		15CCB075299A596C00951741 /* Base */ = {isa = PBXFileReference; lastKnownFileType = file.storyboard; name = Base; path = Base.lproj/Main.storyboard; sourceTree = "<group>"; };
		15CCB077299A596D00951741 /* Assets.xcassets */ = {isa = PBXFileReference; lastKnownFileType = folder.assetcatalog; path = Assets.xcassets; sourceTree = "<group>"; };
		15CCB07A299A596D00951741 /* Base */ = {isa = PBXFileReference; lastKnownFileType = file.storyboard; name = Base; path = Base.lproj/LaunchScreen.storyboard; sourceTree = "<group>"; };
		15CCB07C299A596D00951741 /* Info.plist */ = {isa = PBXFileReference; lastKnownFileType = text.plist.xml; path = Info.plist; sourceTree = "<group>"; };
		15CCB082299A60A600951741 /* myTableViewCell.swift */ = {isa = PBXFileReference; lastKnownFileType = sourcecode.swift; path = myTableViewCell.swift; sourceTree = "<group>"; };
		15CCB084299A63D500951741 /* DogData.swift */ = {isa = PBXFileReference; lastKnownFileType = sourcecode.swift; path = DogData.swift; sourceTree = "<group>"; };
		31523B65FABD4085461394BE /* Pods-sdWebImage.release.xcconfig */ = {isa = PBXFileReference; includeInIndex = 1; lastKnownFileType = text.xcconfig; name = "Pods-sdWebImage.release.xcconfig"; path = "Target Support Files/Pods-sdWebImage/Pods-sdWebImage.release.xcconfig"; sourceTree = "<group>"; };
		3BB7F86916C97D9CFEDF51B0 /* Pods-sdWebImage.debug.xcconfig */ = {isa = PBXFileReference; includeInIndex = 1; lastKnownFileType = text.xcconfig; name = "Pods-sdWebImage.debug.xcconfig"; path = "Target Support Files/Pods-sdWebImage/Pods-sdWebImage.debug.xcconfig"; sourceTree = "<group>"; };
		7DF1E7C7DF8F4A0956995CE8 /* Pods_sdWebImage.framework */ = {isa = PBXFileReference; explicitFileType = wrapper.framework; includeInIndex = 0; path = Pods_sdWebImage.framework; sourceTree = BUILT_PRODUCTS_DIR; };
/* End PBXFileReference section */

/* Begin PBXFrameworksBuildPhase section */
		15CCB068299A596C00951741 /* Frameworks */ = {
			isa = PBXFrameworksBuildPhase;
			buildActionMask = 2147483647;
			files = (
				26F90DF0B1830CBB1E00FE25 /* Pods_sdWebImage.framework in Frameworks */,
			);
			runOnlyForDeploymentPostprocessing = 0;
		};
/* End PBXFrameworksBuildPhase section */

/* Begin PBXGroup section */
		15CCB062299A596C00951741 = {
			isa = PBXGroup;
			children = (
				15CCB06D299A596C00951741 /* sdWebImage */,
				15CCB06C299A596C00951741 /* Products */,
				34CBCE62F74F1988FEDCA599 /* Pods */,
				583D865CCF631B057F4A94B3 /* Frameworks */,
			);
			sourceTree = "<group>";
		};
		15CCB06C299A596C00951741 /* Products */ = {
			isa = PBXGroup;
			children = (
				15CCB06B299A596C00951741 /* sdWebImage.app */,
			);
			name = Products;
			sourceTree = "<group>";
		};
		15CCB06D299A596C00951741 /* sdWebImage */ = {
			isa = PBXGroup;
			children = (
				15CCB06E299A596C00951741 /* AppDelegate.swift */,
				15CCB070299A596C00951741 /* SceneDelegate.swift */,
				15CCB072299A596C00951741 /* ViewController.swift */,
				15CCB074299A596C00951741 /* Main.storyboard */,
				15CCB084299A63D500951741 /* DogData.swift */,
				15CCB082299A60A600951741 /* myTableViewCell.swift */,
				15CCB077299A596D00951741 /* Assets.xcassets */,
				15CCB079299A596D00951741 /* LaunchScreen.storyboard */,
				15CCB07C299A596D00951741 /* Info.plist */,
			);
			path = sdWebImage;
			sourceTree = "<group>";
		};
		34CBCE62F74F1988FEDCA599 /* Pods */ = {
			isa = PBXGroup;
			children = (
				3BB7F86916C97D9CFEDF51B0 /* Pods-sdWebImage.debug.xcconfig */,
				31523B65FABD4085461394BE /* Pods-sdWebImage.release.xcconfig */,
			);
			path = Pods;
			sourceTree = "<group>";
		};
		583D865CCF631B057F4A94B3 /* Frameworks */ = {
			isa = PBXGroup;
			children = (
				7DF1E7C7DF8F4A0956995CE8 /* Pods_sdWebImage.framework */,
			);
			name = Frameworks;
			sourceTree = "<group>";
		};
/* End PBXGroup section */

/* Begin PBXNativeTarget section */
		15CCB06A299A596C00951741 /* sdWebImage */ = {
			isa = PBXNativeTarget;
			buildConfigurationList = 15CCB07F299A596D00951741 /* Build configuration list for PBXNativeTarget "sdWebImage" */;
			buildPhases = (
				E8528966794B398D3ACDBCB8 /* [CP] Check Pods Manifest.lock */,
				15CCB067299A596C00951741 /* Sources */,
				15CCB068299A596C00951741 /* Frameworks */,
				15CCB069299A596C00951741 /* Resources */,
				BC4762E5F38047FF899C83C1 /* [CP] Embed Pods Frameworks */,
			);
			buildRules = (
			);
			dependencies = (
			);
			name = sdWebImage;
			productName = sdWebImage;
			productReference = 15CCB06B299A596C00951741 /* sdWebImage.app */;
			productType = "com.apple.product-type.application";
		};
/* End PBXNativeTarget section */

/* Begin PBXProject section */
		15CCB063299A596C00951741 /* Project object */ = {
			isa = PBXProject;
			attributes = {
				BuildIndependentTargetsInParallel = 1;
				LastSwiftUpdateCheck = 1410;
				LastUpgradeCheck = 1410;
				TargetAttributes = {
					15CCB06A299A596C00951741 = {
						CreatedOnToolsVersion = 14.1;
					};
				};
			};
			buildConfigurationList = 15CCB066299A596C00951741 /* Build configuration list for PBXProject "sdWebImage" */;
			compatibilityVersion = "Xcode 13.0";
			developmentRegion = en;
			hasScannedForEncodings = 0;
			knownRegions = (
				en,
				Base,
			);
			mainGroup = 15CCB062299A596C00951741;
			productRefGroup = 15CCB06C299A596C00951741 /* Products */;
			projectDirPath = "";
			projectRoot = "";
			targets = (
				15CCB06A299A596C00951741 /* sdWebImage */,
			);
		};
/* End PBXProject section */

/* Begin PBXResourcesBuildPhase section */
		15CCB069299A596C00951741 /* Resources */ = {
			isa = PBXResourcesBuildPhase;
			buildActionMask = 2147483647;
			files = (
				15CCB07B299A596D00951741 /* LaunchScreen.storyboard in Resources */,
				15CCB078299A596D00951741 /* Assets.xcassets in Resources */,
				15CCB076299A596C00951741 /* Main.storyboard in Resources */,
			);
			runOnlyForDeploymentPostprocessing = 0;
		};
/* End PBXResourcesBuildPhase section */

/* Begin PBXShellScriptBuildPhase section */
		BC4762E5F38047FF899C83C1 /* [CP] Embed Pods Frameworks */ = {
			isa = PBXShellScriptBuildPhase;
			buildActionMask = 2147483647;
			files = (
			);
			inputFileListPaths = (
				"${PODS_ROOT}/Target Support Files/Pods-sdWebImage/Pods-sdWebImage-frameworks-${CONFIGURATION}-input-files.xcfilelist",
			);
			name = "[CP] Embed Pods Frameworks";
			outputFileListPaths = (
				"${PODS_ROOT}/Target Support Files/Pods-sdWebImage/Pods-sdWebImage-frameworks-${CONFIGURATION}-output-files.xcfilelist",
			);
			runOnlyForDeploymentPostprocessing = 0;
			shellPath = /bin/sh;
			shellScript = "\"${PODS_ROOT}/Target Support Files/Pods-sdWebImage/Pods-sdWebImage-frameworks.sh\"\n";
			showEnvVarsInLog = 0;
		};
		E8528966794B398D3ACDBCB8 /* [CP] Check Pods Manifest.lock */ = {
			isa = PBXShellScriptBuildPhase;
			buildActionMask = 2147483647;
			files = (
			);
			inputFileListPaths = (
			);
			inputPaths = (
				"${PODS_PODFILE_DIR_PATH}/Podfile.lock",
				"${PODS_ROOT}/Manifest.lock",
			);
			name = "[CP] Check Pods Manifest.lock";
			outputFileListPaths = (
			);
			outputPaths = (
				"$(DERIVED_FILE_DIR)/Pods-sdWebImage-checkManifestLockResult.txt",
			);
			runOnlyForDeploymentPostprocessing = 0;
			shellPath = /bin/sh;
			shellScript = "diff \"${PODS_PODFILE_DIR_PATH}/Podfile.lock\" \"${PODS_ROOT}/Manifest.lock\" > /dev/null\nif [ $? != 0 ] ; then\n    # print error to STDERR\n    echo \"error: The sandbox is not in sync with the Podfile.lock. Run 'pod install' or update your CocoaPods installation.\" >&2\n    exit 1\nfi\n# This output is used by Xcode 'outputs' to avoid re-running this script phase.\necho \"SUCCESS\" > \"${SCRIPT_OUTPUT_FILE_0}\"\n";
			showEnvVarsInLog = 0;
		};
/* End PBXShellScriptBuildPhase section */

/* Begin PBXSourcesBuildPhase section */
		15CCB067299A596C00951741 /* Sources */ = {
			isa = PBXSourcesBuildPhase;
			buildActionMask = 2147483647;
			files = (
				15CCB073299A596C00951741 /* ViewController.swift in Sources */,
				15CCB083299A60A600951741 /* myTableViewCell.swift in Sources */,
				15CCB085299A63D500951741 /* DogData.swift in Sources */,
				15CCB06F299A596C00951741 /* AppDelegate.swift in Sources */,
				15CCB071299A596C00951741 /* SceneDelegate.swift in Sources */,
			);
			runOnlyForDeploymentPostprocessing = 0;
		};
/* End PBXSourcesBuildPhase section */

/* Begin PBXVariantGroup section */
		15CCB074299A596C00951741 /* Main.storyboard */ = {
			isa = PBXVariantGroup;
			children = (
				15CCB075299A596C00951741 /* Base */,
			);
			name = Main.storyboard;
			sourceTree = "<group>";
		};
		15CCB079299A596D00951741 /* LaunchScreen.storyboard */ = {
			isa = PBXVariantGroup;
			children = (
				15CCB07A299A596D00951741 /* Base */,
			);
			name = LaunchScreen.storyboard;
			sourceTree = "<group>";
		};
/* End PBXVariantGroup section */

/* Begin XCBuildConfiguration section */
		15CCB07D299A596D00951741 /* Debug */ = {
			isa = XCBuildConfiguration;
			buildSettings = {
				ALWAYS_SEARCH_USER_PATHS = NO;
				CLANG_ANALYZER_NONNULL = YES;
				CLANG_ANALYZER_NUMBER_OBJECT_CONVERSION = YES_AGGRESSIVE;
				CLANG_CXX_LANGUAGE_STANDARD = "gnu++20";
				CLANG_ENABLE_MODULES = YES;
				CLANG_ENABLE_OBJC_ARC = YES;
				CLANG_ENABLE_OBJC_WEAK = YES;
				CLANG_WARN_BLOCK_CAPTURE_AUTORELEASING = YES;
				CLANG_WARN_BOOL_CONVERSION = YES;
				CLANG_WARN_COMMA = YES;
				CLANG_WARN_CONSTANT_CONVERSION = YES;
				CLANG_WARN_DEPRECATED_OBJC_IMPLEMENTATIONS = YES;
				CLANG_WARN_DIRECT_OBJC_ISA_USAGE = YES_ERROR;
				CLANG_WARN_DOCUMENTATION_COMMENTS = YES;
				CLANG_WARN_EMPTY_BODY = YES;
				CLANG_WARN_ENUM_CONVERSION = YES;
				CLANG_WARN_INFINITE_RECURSION = YES;
				CLANG_WARN_INT_CONVERSION = YES;
				CLANG_WARN_NON_LITERAL_NULL_CONVERSION = YES;
				CLANG_WARN_OBJC_IMPLICIT_RETAIN_SELF = YES;
				CLANG_WARN_OBJC_LITERAL_CONVERSION = YES;
				CLANG_WARN_OBJC_ROOT_CLASS = YES_ERROR;
				CLANG_WARN_QUOTED_INCLUDE_IN_FRAMEWORK_HEADER = YES;
				CLANG_WARN_RANGE_LOOP_ANALYSIS = YES;
				CLANG_WARN_STRICT_PROTOTYPES = YES;
				CLANG_WARN_SUSPICIOUS_MOVE = YES;
				CLANG_WARN_UNGUARDED_AVAILABILITY = YES_AGGRESSIVE;
				CLANG_WARN_UNREACHABLE_CODE = YES;
				CLANG_WARN__DUPLICATE_METHOD_MATCH = YES;
				COPY_PHASE_STRIP = NO;
				DEBUG_INFORMATION_FORMAT = dwarf;
				ENABLE_STRICT_OBJC_MSGSEND = YES;
				ENABLE_TESTABILITY = YES;
				GCC_C_LANGUAGE_STANDARD = gnu11;
				GCC_DYNAMIC_NO_PIC = NO;
				GCC_NO_COMMON_BLOCKS = YES;
				GCC_OPTIMIZATION_LEVEL = 0;
				GCC_PREPROCESSOR_DEFINITIONS = (
					"DEBUG=1",
					"$(inherited)",
				);
				GCC_WARN_64_TO_32_BIT_CONVERSION = YES;
				GCC_WARN_ABOUT_RETURN_TYPE = YES_ERROR;
				GCC_WARN_UNDECLARED_SELECTOR = YES;
				GCC_WARN_UNINITIALIZED_AUTOS = YES_AGGRESSIVE;
				GCC_WARN_UNUSED_FUNCTION = YES;
				GCC_WARN_UNUSED_VARIABLE = YES;
				IPHONEOS_DEPLOYMENT_TARGET = 16.1;
				MTL_ENABLE_DEBUG_INFO = INCLUDE_SOURCE;
				MTL_FAST_MATH = YES;
				ONLY_ACTIVE_ARCH = YES;
				SDKROOT = iphoneos;
				SWIFT_ACTIVE_COMPILATION_CONDITIONS = DEBUG;
				SWIFT_OPTIMIZATION_LEVEL = "-Onone";
			};
			name = Debug;
		};
		15CCB07E299A596D00951741 /* Release */ = {
			isa = XCBuildConfiguration;
			buildSettings = {
				ALWAYS_SEARCH_USER_PATHS = NO;
				CLANG_ANALYZER_NONNULL = YES;
				CLANG_ANALYZER_NUMBER_OBJECT_CONVERSION = YES_AGGRESSIVE;
				CLANG_CXX_LANGUAGE_STANDARD = "gnu++20";
				CLANG_ENABLE_MODULES = YES;
				CLANG_ENABLE_OBJC_ARC = YES;
				CLANG_ENABLE_OBJC_WEAK = YES;
				CLANG_WARN_BLOCK_CAPTURE_AUTORELEASING = YES;
				CLANG_WARN_BOOL_CONVERSION = YES;
				CLANG_WARN_COMMA = YES;
				CLANG_WARN_CONSTANT_CONVERSION = YES;
				CLANG_WARN_DEPRECATED_OBJC_IMPLEMENTATIONS = YES;
				CLANG_WARN_DIRECT_OBJC_ISA_USAGE = YES_ERROR;
				CLANG_WARN_DOCUMENTATION_COMMENTS = YES;
				CLANG_WARN_EMPTY_BODY = YES;
				CLANG_WARN_ENUM_CONVERSION = YES;
				CLANG_WARN_INFINITE_RECURSION = YES;
				CLANG_WARN_INT_CONVERSION = YES;
				CLANG_WARN_NON_LITERAL_NULL_CONVERSION = YES;
				CLANG_WARN_OBJC_IMPLICIT_RETAIN_SELF = YES;
				CLANG_WARN_OBJC_LITERAL_CONVERSION = YES;
				CLANG_WARN_OBJC_ROOT_CLASS = YES_ERROR;
				CLANG_WARN_QUOTED_INCLUDE_IN_FRAMEWORK_HEADER = YES;
				CLANG_WARN_RANGE_LOOP_ANALYSIS = YES;
				CLANG_WARN_STRICT_PROTOTYPES = YES;
				CLANG_WARN_SUSPICIOUS_MOVE = YES;
				CLANG_WARN_UNGUARDED_AVAILABILITY = YES_AGGRESSIVE;
				CLANG_WARN_UNREACHABLE_CODE = YES;
				CLANG_WARN__DUPLICATE_METHOD_MATCH = YES;
				COPY_PHASE_STRIP = NO;
				DEBUG_INFORMATION_FORMAT = "dwarf-with-dsym";
				ENABLE_NS_ASSERTIONS = NO;
				ENABLE_STRICT_OBJC_MSGSEND = YES;
				GCC_C_LANGUAGE_STANDARD = gnu11;
				GCC_NO_COMMON_BLOCKS = YES;
				GCC_WARN_64_TO_32_BIT_CONVERSION = YES;
				GCC_WARN_ABOUT_RETURN_TYPE = YES_ERROR;
				GCC_WARN_UNDECLARED_SELECTOR = YES;
				GCC_WARN_UNINITIALIZED_AUTOS = YES_AGGRESSIVE;
				GCC_WARN_UNUSED_FUNCTION = YES;
				GCC_WARN_UNUSED_VARIABLE = YES;
				IPHONEOS_DEPLOYMENT_TARGET = 16.1;
				MTL_ENABLE_DEBUG_INFO = NO;
				MTL_FAST_MATH = YES;
				SDKROOT = iphoneos;
				SWIFT_COMPILATION_MODE = wholemodule;
				SWIFT_OPTIMIZATION_LEVEL = "-O";
				VALIDATE_PRODUCT = YES;
			};
			name = Release;
		};
		15CCB080299A596D00951741 /* Debug */ = {
			isa = XCBuildConfiguration;
			baseConfigurationReference = 3BB7F86916C97D9CFEDF51B0 /* Pods-sdWebImage.debug.xcconfig */;
			buildSettings = {
				ASSETCATALOG_COMPILER_APPICON_NAME = AppIcon;
				ASSETCATALOG_COMPILER_GLOBAL_ACCENT_COLOR_NAME = AccentColor;
				CODE_SIGN_STYLE = Automatic;
				CURRENT_PROJECT_VERSION = 1;
				DEVELOPMENT_TEAM = 37D4SXVKKL;
				GENERATE_INFOPLIST_FILE = YES;
				INFOPLIST_FILE = sdWebImage/Info.plist;
				INFOPLIST_KEY_UIApplicationSupportsIndirectInputEvents = YES;
				INFOPLIST_KEY_UILaunchStoryboardName = LaunchScreen;
				INFOPLIST_KEY_UIMainStoryboardFile = Main;
				INFOPLIST_KEY_UISupportedInterfaceOrientations_iPad = "UIInterfaceOrientationPortrait UIInterfaceOrientationPortraitUpsideDown UIInterfaceOrientationLandscapeLeft UIInterfaceOrientationLandscapeRight";
				INFOPLIST_KEY_UISupportedInterfaceOrientations_iPhone = "UIInterfaceOrientationPortrait UIInterfaceOrientationLandscapeLeft UIInterfaceOrientationLandscapeRight";
				IPHONEOS_DEPLOYMENT_TARGET = 15.0;
				LD_RUNPATH_SEARCH_PATHS = (
					"$(inherited)",
					"@executable_path/Frameworks",
				);
				MARKETING_VERSION = 1.0;
				PRODUCT_BUNDLE_IDENTIFIER = "PEPUL-TECH-PRIVATE-LIMITED.sdWebImage";
				PRODUCT_NAME = "$(TARGET_NAME)";
				SWIFT_EMIT_LOC_STRINGS = YES;
				SWIFT_VERSION = 5.0;
				TARGETED_DEVICE_FAMILY = "1,2";
			};
			name = Debug;
		};
		15CCB081299A596D00951741 /* Release */ = {
			isa = XCBuildConfiguration;
			baseConfigurationReference = 31523B65FABD4085461394BE /* Pods-sdWebImage.release.xcconfig */;
			buildSettings = {
				ASSETCATALOG_COMPILER_APPICON_NAME = AppIcon;
				ASSETCATALOG_COMPILER_GLOBAL_ACCENT_COLOR_NAME = AccentColor;
				CODE_SIGN_STYLE = Automatic;
				CURRENT_PROJECT_VERSION = 1;
				DEVELOPMENT_TEAM = 37D4SXVKKL;
				GENERATE_INFOPLIST_FILE = YES;
				INFOPLIST_FILE = sdWebImage/Info.plist;
				INFOPLIST_KEY_UIApplicationSupportsIndirectInputEvents = YES;
				INFOPLIST_KEY_UILaunchStoryboardName = LaunchScreen;
				INFOPLIST_KEY_UIMainStoryboardFile = Main;
				INFOPLIST_KEY_UISupportedInterfaceOrientations_iPad = "UIInterfaceOrientationPortrait UIInterfaceOrientationPortraitUpsideDown UIInterfaceOrientationLandscapeLeft UIInterfaceOrientationLandscapeRight";
				INFOPLIST_KEY_UISupportedInterfaceOrientations_iPhone = "UIInterfaceOrientationPortrait UIInterfaceOrientationLandscapeLeft UIInterfaceOrientationLandscapeRight";
				IPHONEOS_DEPLOYMENT_TARGET = 15.0;
				LD_RUNPATH_SEARCH_PATHS = (
					"$(inherited)",
					"@executable_path/Frameworks",
				);
				MARKETING_VERSION = 1.0;
				PRODUCT_BUNDLE_IDENTIFIER = "PEPUL-TECH-PRIVATE-LIMITED.sdWebImage";
				PRODUCT_NAME = "$(TARGET_NAME)";
				SWIFT_EMIT_LOC_STRINGS = YES;
				SWIFT_VERSION = 5.0;
				TARGETED_DEVICE_FAMILY = "1,2";
			};
			name = Release;
		};
/* End XCBuildConfiguration section */

/* Begin XCConfigurationList section */
		15CCB066299A596C00951741 /* Build configuration list for PBXProject "sdWebImage" */ = {
			isa = XCConfigurationList;
			buildConfigurations = (
				15CCB07D299A596D00951741 /* Debug */,
				15CCB07E299A596D00951741 /* Release */,
			);
			defaultConfigurationIsVisible = 0;
			defaultConfigurationName = Release;
		};
		15CCB07F299A596D00951741 /* Build configuration list for PBXNativeTarget "sdWebImage" */ = {
			isa = XCConfigurationList;
			buildConfigurations = (
				15CCB080299A596D00951741 /* Debug */,
				15CCB081299A596D00951741 /* Release */,
			);
			defaultConfigurationIsVisible = 0;
			defaultConfigurationName = Release;
		};
/* End XCConfigurationList section */
	};
	rootObject = 15CCB063299A596C00951741 /* Project object */;
}
